
Microsoft Visual Studio Solution File, Format Version 12.00
# Visual Studio Version 16
VisualStudioVersion = 16.0.31729.503
MinimumVisualStudioVersion = 10.0.40219.1
Project("{FAE04EC0-301F-11D3-BF4B-00C04F79EFBC}") = "LoginGrupo.Android", "LoginGrupo\LoginGrupo.Android\LoginGrupo.Android.csproj", "{CF95D852-0D67-4905-9B98-9817E9B7EEE7}"
EndProject
Project("{FAE04EC0-301F-11D3-BF4B-00C04F79EFBC}") = "LoginGrupo.iOS", "LoginGrupo\LoginGrupo.iOS\LoginGrupo.iOS.csproj", "{27AEA6C6-A6A5-4046-901F-B1F1C4C4304D}"
EndProject
Project("{FAE04EC0-301F-11D3-BF4B-00C04F79EFBC}") = "LoginGrupo", "LoginGrupo\LoginGrupo\LoginGrupo.csproj", "{684F015B-1CC5-469A-A76D-3EC9AF80ECC9}"
EndProject
Global
	GlobalSection(SolutionConfigurationPlatforms) = preSolution
		Debug|Any CPU = Debug|Any CPU
		Debug|iPhone = Debug|iPhone
		Debug|iPhoneSimulator = Debug|iPhoneSimulator
		Release|Any CPU = Release|Any CPU
		Release|iPhone = Release|iPhone
		Release|iPhoneSimulator = Release|iPhoneSimulator
	EndGlobalSection
	GlobalSection(ProjectConfigurationPlatforms) = postSolution
		{CF95D852-0D67-4905-9B98-9817E9B7EEE7}.Debug|Any CPU.ActiveCfg = Debug|Any CPU
		{CF95D852-0D67-4905-9B98-9817E9B7EEE7}.Debug|Any CPU.Build.0 = Debug|Any CPU
		{CF95D852-0D67-4905-9B98-9817E9B7EEE7}.Debug|Any CPU.Deploy.0 = Debug|Any CPU
		{CF95D852-0D67-4905-9B98-9817E9B7EEE7}.Debug|iPhone.ActiveCfg = Debug|Any CPU
		{CF95D852-0D67-4905-9B98-9817E9B7EEE7}.Debug|iPhone.Build.0 = Debug|Any CPU
		{CF95D852-0D67-4905-9B98-9817E9B7EEE7}.Debug|iPhone.Deploy.0 = Debug|Any CPU
		{CF95D852-0D67-4905-9B98-9817E9B7EEE7}.Debug|iPhoneSimulator.ActiveCfg = Debug|Any CPU
		{CF95D852-0D67-4905-9B98-9817E9B7EEE7}.Debug|iPhoneSimulator.Build.0 = Debug|Any CPU
		{CF95D852-0D67-4905-9B98-9817E9B7EEE7}.Debug|iPhoneSimulator.Deploy.0 = Debug|Any CPU
		{CF95D852-0D67-4905-9B98-9817E9B7EEE7}.Release|Any CPU.ActiveCfg = Release|Any CPU
		{CF95D852-0D67-4905-9B98-9817E9B7EEE7}.Release|Any CPU.Build.0 = Release|Any CPU
		{CF95D852-0D67-4905-9B98-9817E9B7EEE7}.Release|Any CPU.Deploy.0 = Release|Any CPU
		{CF95D852-0D67-4905-9B98-9817E9B7EEE7}.Release|iPhone.ActiveCfg = Release|Any CPU
		{CF95D852-0D67-4905-9B98-9817E9B7EEE7}.Release|iPhone.Build.0 = Release|Any CPU
		{CF95D852-0D67-4905-9B98-9817E9B7EEE7}.Release|iPhone.Deploy.0 = Release|Any CPU
		{CF95D852-0D67-4905-9B98-9817E9B7EEE7}.Release|iPhoneSimulator.ActiveCfg = Release|Any CPU
		{CF95D852-0D67-4905-9B98-9817E9B7EEE7}.Release|iPhoneSimulator.Build.0 = Release|Any CPU
		{CF95D852-0D67-4905-9B98-9817E9B7EEE7}.Release|iPhoneSimulator.Deploy.0 = Release|Any CPU
		{27AEA6C6-A6A5-4046-901F-B1F1C4C4304D}.Debug|Any CPU.ActiveCfg = Debug|iPhone
		{27AEA6C6-A6A5-4046-901F-B1F1C4C4304D}.Debug|Any CPU.Build.0 = Debug|iPhone
		{27AEA6C6-A6A5-4046-901F-B1F1C4C4304D}.Debug|Any CPU.Deploy.0 = Debug|iPhone
		{27AEA6C6-A6A5-4046-901F-B1F1C4C4304D}.Debug|iPhone.ActiveCfg = Debug|iPhone
		{27AEA6C6-A6A5-4046-901F-B1F1C4C4304D}.Debug|iPhone.Build.0 = Debug|iPhone
		{27AEA6C6-A6A5-4046-901F-B1F1C4C4304D}.Debug|iPhone.Deploy.0 = Debug|iPhone
		{27AEA6C6-A6A5-4046-901F-B1F1C4C4304D}.Debug|iPhoneSimulator.ActiveCfg = Debug|iPhoneSimulator
		{27AEA6C6-A6A5-4046-901F-B1F1C4C4304D}.Debug|iPhoneSimulator.Build.0 = Debug|iPhoneSimulator
		{27AEA6C6-A6A5-4046-901F-B1F1C4C4304D}.Debug|iPhoneSimulator.Deploy.0 = Debug|iPhoneSimulator
		{27AEA6C6-A6A5-4046-901F-B1F1C4C4304D}.Release|Any CPU.ActiveCfg = Release|iPhoneSimulator
		{27AEA6C6-A6A5-4046-901F-B1F1C4C4304D}.Release|Any CPU.Build.0 = Release|iPhoneSimulator
		{27AEA6C6-A6A5-4046-901F-B1F1C4C4304D}.Release|Any CPU.Deploy.0 = Release|iPhoneSimulator
		{27AEA6C6-A6A5-4046-901F-B1F1C4C4304D}.Release|iPhone.ActiveCfg = Release|iPhone
		{27AEA6C6-A6A5-4046-901F-B1F1C4C4304D}.Release|iPhone.Build.0 = Release|iPhone
		{27AEA6C6-A6A5-4046-901F-B1F1C4C4304D}.Release|iPhone.Deploy.0 = Release|iPhone
		{27AEA6C6-A6A5-4046-901F-B1F1C4C4304D}.Release|iPhoneSimulator.ActiveCfg = Release|iPhoneSimulator
		{27AEA6C6-A6A5-4046-901F-B1F1C4C4304D}.Release|iPhoneSimulator.Build.0 = Release|iPhoneSimulator
		{27AEA6C6-A6A5-4046-901F-B1F1C4C4304D}.Release|iPhoneSimulator.Deploy.0 = Release|iPhoneSimulator
		{684F015B-1CC5-469A-A76D-3EC9AF80ECC9}.Debug|Any CPU.ActiveCfg = Debug|Any CPU
		{684F015B-1CC5-469A-A76D-3EC9AF80ECC9}.Debug|Any CPU.Build.0 = Debug|Any CPU
		{684F015B-1CC5-469A-A76D-3EC9AF80ECC9}.Debug|Any CPU.Deploy.0 = Debug|Any CPU
		{684F015B-1CC5-469A-A76D-3EC9AF80ECC9}.Debug|iPhone.ActiveCfg = Debug|Any CPU
		{684F015B-1CC5-469A-A76D-3EC9AF80ECC9}.Debug|iPhone.Build.0 = Debug|Any CPU
		{684F015B-1CC5-469A-A76D-3EC9AF80ECC9}.Debug|iPhone.Deploy.0 = Debug|Any CPU
		{684F015B-1CC5-469A-A76D-3EC9AF80ECC9}.Debug|iPhoneSimulator.ActiveCfg = Debug|Any CPU
		{684F015B-1CC5-469A-A76D-3EC9AF80ECC9}.Debug|iPhoneSimulator.Build.0 = Debug|Any CPU
		{684F015B-1CC5-469A-A76D-3EC9AF80ECC9}.Debug|iPhoneSimulator.Deploy.0 = Debug|Any CPU
		{684F015B-1CC5-469A-A76D-3EC9AF80ECC9}.Release|Any CPU.ActiveCfg = Release|Any CPU
		{684F015B-1CC5-469A-A76D-3EC9AF80ECC9}.Release|Any CPU.Build.0 = Release|Any CPU
		{684F015B-1CC5-469A-A76D-3EC9AF80ECC9}.Release|Any CPU.Deploy.0 = Release|Any CPU
		{684F015B-1CC5-469A-A76D-3EC9AF80ECC9}.Release|iPhone.ActiveCfg = Release|Any CPU
		{684F015B-1CC5-469A-A76D-3EC9AF80ECC9}.Release|iPhone.Build.0 = Release|Any CPU
		{684F015B-1CC5-469A-A76D-3EC9AF80ECC9}.Release|iPhone.Deploy.0 = Release|Any CPU
		{684F015B-1CC5-469A-A76D-3EC9AF80ECC9}.Release|iPhoneSimulator.ActiveCfg = Release|Any CPU
		{684F015B-1CC5-469A-A76D-3EC9AF80ECC9}.Release|iPhoneSimulator.Build.0 = Release|Any CPU
		{684F015B-1CC5-469A-A76D-3EC9AF80ECC9}.Release|iPhoneSimulator.Deploy.0 = Release|Any CPU
	EndGlobalSection
	GlobalSection(SolutionProperties) = preSolution
		HideSolutionNode = FALSE
	EndGlobalSection
	GlobalSection(ExtensibilityGlobals) = postSolution
		SolutionGuid = {C52CFDFD-F412-43E5-A33C-16FA8C34F4D8}
	EndGlobalSection
EndGlobal
